<?xml version="1.0" encoding="utf-8"?>
<Project ToolsVersion="4.0" xmlns="http://schemas.microsoft.com/developer/msbuild/2003">
  <ItemGroup>
    <Filter Include="Source Files">
      <UniqueIdentifier>{4FC737F1-C7A5-4376-A066-2A32D752A2FF}</UniqueIdentifier>
      <Extensions>cpp;c;cc;cxx;def;odl;idl;hpj;bat;asm;asmx</Extensions>
    </Filter>
    <Filter Include="Header Files">
      <UniqueIdentifier>{93995380-89BD-4b04-88EB-625FBE52EBFB}</UniqueIdentifier>
      <Extensions>h;hh;hpp;hxx;hm;inl;inc;xsd</Extensions>
    </Filter>
    <Filter Include="Resource Files">
      <UniqueIdentifier>{67DA6AB6-F800-4c08-8B7A-83BB121AAD01}</UniqueIdentifier>
      <Extensions>rc;ico;cur;bmp;dlg;rc2;rct;bin;rgs;gif;jpg;jpeg;jpe;resx;tiff;tif;png;wav;mfcribbon-ms</Extensions>
    </Filter>
    <Filter Include="Commands">
      <UniqueIdentifier>{67730fcf-187f-4b3a-9b37-6e984f952df8}</UniqueIdentifier>
    </Filter>
  </ItemGroup>
  <ItemGroup>
    <ClCompile Include="Main.cpp">
      <Filter>Source Files</Filter>
    </ClCompile>
    <ClCompile Include="Client.cpp">
      <Filter>Source Files</Filter>
    </ClCompile>
    <ClCompile Include="Timer.cpp">
      <Filter>Source Files</Filter>
    </ClCompile>
    <ClCompile Include="User.cpp">
      <Filter>Source Files</Filter>
    </ClCompile>
    <ClCompile Include="CmdMESSAGE.cpp">
      <Filter>Commands</Filter>
    </ClCompile>
    <ClCompile Include="CmdUNAME.cpp">
      <Filter>Commands</Filter>
    </ClCompile>
    <ClCompile Include="Command.cpp">
      <Filter>Commands</Filter>
    </ClCompile>
    <ClCompile Include="CmdPM.cpp">
      <Filter>Commands</Filter>
    </ClCompile>
    <ClCompile Include="Room.cpp">
      <Filter>Source Files</Filter>
    </ClCompile>
    <ClCompile Include="CmdMKROOM.cpp">
      <Filter>Commands</Filter>
    </ClCompile>
    <ClCompile Include="CmdENTER.cpp">
      <Filter>Commands</Filter>
    </ClCompile>
    <ClCompile Include="CmdEXIT.cpp">
      <Filter>Commands</Filter>
    </ClCompile>
  </ItemGroup>
  <ItemGroup>
    <ClInclude Include="Client.h">
      <Filter>Header Files</Filter>
    </ClInclude>
    <ClInclude Include="Timer.h">
      <Filter>Header Files</Filter>
    </ClInclude>
    <ClInclude Include="User.h">
      <Filter>Header Files</Filter>
    </ClInclude>
    <ClInclude Include="CmdUNAME.h">
      <Filter>Commands</Filter>
    </ClInclude>
    <ClInclude Include="Command.h">
      <Filter>Commands</Filter>
    </ClInclude>
    <ClInclude Include="CmdMESSAGE.h">
      <Filter>Commands</Filter>
    </ClInclude>
    <ClInclude Include="Room.h">
      <Filter>Header Files</Filter>
    </ClInclude>
    <ClInclude Include="CmdMKROOM.h">
      <Filter>Commands</Filter>
    </ClInclude>
    <ClInclude Include="CmdPM.h">
      <Filter>Commands</Filter>
    </ClInclude>
    <ClInclude Include="CmdENTER.h">
      <Filter>Commands</Filter>
    </ClInclude>
    <ClInclude Include="CmdEXIT.h">
      <Filter>Commands</Filter>
    </ClInclude>
  </ItemGroup>
</Project>