<?xml version="1.0" encoding="utf-8"?>
<Project ToolsVersion="4.0" xmlns="http://schemas.microsoft.com/developer/msbuild/2003">
  <ItemGroup>
    <Filter Include="Source Files">
      <UniqueIdentifier>{4FC737F1-C7A5-4376-A066-2A32D752A2FF}</UniqueIdentifier>
      <Extensions>cpp;c;cc;cxx;def;odl;idl;hpj;bat;asm;asmx</Extensions>
    </Filter>
    <Filter Include="Commands">
      <UniqueIdentifier>{67730fcf-187f-4b3a-9b37-6e984f952df8}</UniqueIdentifier>
    </Filter>
    <Filter Include="Commands\Messaging">
      <UniqueIdentifier>{d13e5dce-f5aa-46a8-abf4-ba061a0ecd27}</UniqueIdentifier>
    </Filter>
    <Filter Include="Commands\General">
      <UniqueIdentifier>{b9e376d8-219d-4c4c-aa75-76310bbab2e8}</UniqueIdentifier>
    </Filter>
    <Filter Include="Commands\Rooms">
      <UniqueIdentifier>{50be2614-a2e2-40d3-8884-692d2e96c17d}</UniqueIdentifier>
    </Filter>
    <Filter Include="Data Types">
      <UniqueIdentifier>{780c320c-ff51-487c-bd6f-55151fc0fe34}</UniqueIdentifier>
    </Filter>
    <Filter Include="Utility">
      <UniqueIdentifier>{1f2cb818-85b4-4f8c-a0da-79691a29b628}</UniqueIdentifier>
    </Filter>
    <Filter Include="Tests">
      <UniqueIdentifier>{4b83b0c9-d054-40e8-8d9e-b8053d06193f}</UniqueIdentifier>
    </Filter>
  </ItemGroup>
  <ItemGroup>
    <ClCompile Include="cmd_message.cpp">
      <Filter>Commands\Messaging</Filter>
    </ClCompile>
    <ClCompile Include="cmd_pm.cpp">
      <Filter>Commands\Messaging</Filter>
    </ClCompile>
    <ClCompile Include="cmd_uname.cpp">
      <Filter>Commands\General</Filter>
    </ClCompile>
    <ClCompile Include="command.cpp">
      <Filter>Commands\General</Filter>
    </ClCompile>
    <ClCompile Include="command_packet.cpp">
      <Filter>Commands\General</Filter>
    </ClCompile>
    <ClCompile Include="user.cpp">
      <Filter>Data Types</Filter>
    </ClCompile>
    <ClCompile Include="main.cpp">
      <Filter>Source Files</Filter>
    </ClCompile>
    <ClCompile Include="timer.cpp">
      <Filter>Data Types</Filter>
    </ClCompile>
    <ClCompile Include="cmd_mkroom.cpp">
      <Filter>Commands\Rooms</Filter>
    </ClCompile>
    <ClCompile Include="cmd_enter.cpp">
      <Filter>Commands\Rooms</Filter>
    </ClCompile>
    <ClCompile Include="cmd_exit.cpp">
      <Filter>Commands\Rooms</Filter>
    </ClCompile>
    <ClCompile Include="cmd_block.cpp">
      <Filter>Commands\Messaging</Filter>
    </ClCompile>
    <ClCompile Include="cmd_unblock.cpp">
      <Filter>Commands\Messaging</Filter>
    </ClCompile>
    <ClCompile Include="room.cpp">
      <Filter>Data Types</Filter>
    </ClCompile>
    <ClCompile Include="string_util.cpp">
      <Filter>Utility</Filter>
    </ClCompile>
    <ClCompile Include="cmd_promote.cpp">
      <Filter>Commands\Rooms</Filter>
    </ClCompile>
    <ClCompile Include="cmd_kick.cpp">
      <Filter>Commands\Rooms</Filter>
    </ClCompile>
    <ClCompile Include="cmd_ban.cpp">
      <Filter>Commands\Rooms</Filter>
    </ClCompile>
    <ClCompile Include="cmd_unban.cpp">
      <Filter>Commands\Rooms</Filter>
    </ClCompile>
    <ClCompile Include="tests.cpp">
      <Filter>Tests</Filter>
    </ClCompile>
  </ItemGroup>
  <ItemGroup>
    <ClInclude Include="cmd_message.h">
      <Filter>Commands\Messaging</Filter>
    </ClInclude>
    <ClInclude Include="cmd_pm.h">
      <Filter>Commands\Messaging</Filter>
    </ClInclude>
    <ClInclude Include="cmd_uname.h">
      <Filter>Commands\General</Filter>
    </ClInclude>
    <ClInclude Include="command_packet.h">
      <Filter>Commands\General</Filter>
    </ClInclude>
    <ClInclude Include="command.h">
      <Filter>Commands\General</Filter>
    </ClInclude>
    <ClInclude Include="user.h">
      <Filter>Data Types</Filter>
    </ClInclude>
    <ClInclude Include="timer.h">
      <Filter>Data Types</Filter>
    </ClInclude>
    <ClInclude Include="cmd_mkroom.h">
      <Filter>Commands\Rooms</Filter>
    </ClInclude>
    <ClInclude Include="cmd_exit.h">
      <Filter>Commands\Rooms</Filter>
    </ClInclude>
    <ClInclude Include="cmd_block.h">
      <Filter>Commands\Messaging</Filter>
    </ClInclude>
    <ClInclude Include="cmd_enter.h">
      <Filter>Commands\Rooms</Filter>
    </ClInclude>
    <ClInclude Include="cmd_unblock.h">
      <Filter>Commands\Messaging</Filter>
    </ClInclude>
    <ClInclude Include="room.h">
      <Filter>Data Types</Filter>
    </ClInclude>
    <ClInclude Include="string_util.h">
      <Filter>Utility</Filter>
    </ClInclude>
    <ClInclude Include="commands.h">
      <Filter>Commands\General</Filter>
    </ClInclude>
    <ClInclude Include="cmd_promote.h">
      <Filter>Commands\Rooms</Filter>
    </ClInclude>
    <ClInclude Include="cmd_kick.h">
      <Filter>Commands\Rooms</Filter>
    </ClInclude>
    <ClInclude Include="cmd_ban.h">
      <Filter>Commands\Rooms</Filter>
    </ClInclude>
    <ClInclude Include="cmd_unban.h">
      <Filter>Commands\Rooms</Filter>
    </ClInclude>
    <ClInclude Include="catch.hpp">
      <Filter>Tests</Filter>
    </ClInclude>
  </ItemGroup>
</Project>